{
  "name": "Quill",
  "lockfileVersion": 3,
  "requires": true,
  "packages": {
    "": {
      "dependencies": {
        "@rahulkoyye/medium-common": "^1.0.3"
      }
    },
    "node_modules/@rahulkoyye/medium-common": {
      "version": "1.0.3",
      "resolved": "https://registry.npmjs.org/@rahulkoyye/medium-common/-/medium-common-1.0.3.tgz",
      "integrity": "sha512-2pUmCogpDl6pHd6YnPNJ+tqlOXefCPElcz1kFOwMECd1qg9YQhe8s8i5iVVzGc/dks3thfgIQAyri5ULQblcpw==",
      "license": "ISC",
      "dependencies": {
        "zod": "^3.24.2"
      }
    },
    "node_modules/zod": {
      "version": "3.24.2",
      "resolved": "https://registry.npmjs.org/zod/-/zod-3.24.2.tgz",
      "integrity": "sha512-lY7CDW43ECgW9u1TcT3IoXHflywfVqDYze4waEz812jR/bZ8FHDsl7pFQoSZTz5N+2NqRXs8GBwnAwo3ZNxqhQ==",
      "license": "MIT",
      "funding": {
        "url": "https://github.com/sponsors/colinhacks"
      }
    }
  }
}
